
Microsoft Visual Studio Solution File, Format Version 12.00
# Visual Studio Version 17
VisualStudioVersion = 17.9.34728.123
MinimumVisualStudioVersion = 10.0.40219.1
Project("{FAE04EC0-301F-11D3-BF4B-00C04F79EFBC}") = "EventManagement", "EventManagement.csproj", "{D7DD75E1-AC54-4BF3-A213-3933AD28FB35}"
EndProject
Global
	GlobalSection(SolutionConfigurationPlatforms) = preSolution
		Debug|Any CPU = Debug|Any CPU
		Release|Any CPU = Release|Any CPU
	EndGlobalSection
	GlobalSection(ProjectConfigurationPlatforms) = postSolution
		{D7DD75E1-AC54-4BF3-A213-3933AD28FB35}.Debug|Any CPU.ActiveCfg = Debug|Any CPU
		{D7DD75E1-AC54-4BF3-A213-3933AD28FB35}.Debug|Any CPU.Build.0 = Debug|Any CPU
		{D7DD75E1-AC54-4BF3-A213-3933AD28FB35}.Release|Any CPU.ActiveCfg = Release|Any CPU
		{D7DD75E1-AC54-4BF3-A213-3933AD28FB35}.Release|Any CPU.Build.0 = Release|Any CPU
	EndGlobalSection
	GlobalSection(SolutionProperties) = preSolution
		HideSolutionNode = FALSE
	EndGlobalSection
	GlobalSection(ExtensibilityGlobals) = postSolution
		SolutionGuid = {069D69CD-4E2D-484D-A53C-DF715AF5011B}
	EndGlobalSection
EndGlobal
